
Microsoft Visual Studio Solution File, Format Version 12.00
# Visual Studio Version 16
VisualStudioVersion = 16.0.31424.327
MinimumVisualStudioVersion = 10.0.40219.1
Project("{FAE04EC0-301F-11D3-BF4B-00C04F79EFBC}") = "PDFReports", "PDFReports\PDFReports.csproj", "{C8708561-42BA-4641-8E2C-EC3C45F54F00}"
EndProject
Global
	GlobalSection(SolutionConfigurationPlatforms) = preSolution
		Debug|Any CPU = Debug|Any CPU
		Release|Any CPU = Release|Any CPU
	EndGlobalSection
	GlobalSection(ProjectConfigurationPlatforms) = postSolution
		{C8708561-42BA-4641-8E2C-EC3C45F54F00}.Debug|Any CPU.ActiveCfg = Debug|Any CPU
		{C8708561-42BA-4641-8E2C-EC3C45F54F00}.Debug|Any CPU.Build.0 = Debug|Any CPU
		{C8708561-42BA-4641-8E2C-EC3C45F54F00}.Release|Any CPU.ActiveCfg = Release|Any CPU
		{C8708561-42BA-4641-8E2C-EC3C45F54F00}.Release|Any CPU.Build.0 = Release|Any CPU
	EndGlobalSection
	GlobalSection(SolutionProperties) = preSolution
		HideSolutionNode = FALSE
	EndGlobalSection
	GlobalSection(ExtensibilityGlobals) = postSolution
		SolutionGuid = {8143A86A-23CE-4993-A62A-1E1ADFB972B4}
	EndGlobalSection
EndGlobal
